
Microsoft Visual Studio Solution File, Format Version 12.00
# Visual Studio Version 17
VisualStudioVersion = 17.8.34309.116
MinimumVisualStudioVersion = 10.0.40219.1
Project("{FAE04EC0-301F-11D3-BF4B-00C04F79EFBC}") = "eTickets", "eTickets\eTickets.csproj", "{AF5D301B-4213-4F4D-9296-605A49896669}"
EndProject
Global
	GlobalSection(SolutionConfigurationPlatforms) = preSolution
		Debug|Any CPU = Debug|Any CPU
		Release|Any CPU = Release|Any CPU
	EndGlobalSection
	GlobalSection(ProjectConfigurationPlatforms) = postSolution
		{AF5D301B-4213-4F4D-9296-605A49896669}.Debug|Any CPU.ActiveCfg = Debug|Any CPU
		{AF5D301B-4213-4F4D-9296-605A49896669}.Debug|Any CPU.Build.0 = Debug|Any CPU
		{AF5D301B-4213-4F4D-9296-605A49896669}.Release|Any CPU.ActiveCfg = Release|Any CPU
		{AF5D301B-4213-4F4D-9296-605A49896669}.Release|Any CPU.Build.0 = Release|Any CPU
	EndGlobalSection
	GlobalSection(SolutionProperties) = preSolution
		HideSolutionNode = FALSE
	EndGlobalSection
	GlobalSection(ExtensibilityGlobals) = postSolution
		SolutionGuid = {7F559F8F-C22D-4E59-8B9A-4A9E024C1A30}
	EndGlobalSection
EndGlobal
